
Microsoft Visual Studio Solution File, Format Version 12.00
# Visual Studio Version 17
VisualStudioVersion = 17.3.32825.248
MinimumVisualStudioVersion = 10.0.40219.1
Project("{8BC9CEB8-8B4A-11D0-8D11-00A0C91BC942}") = "OOP2", "OOP2\OOP2.vcxproj", "{75E1309F-5D51-4255-AC58-0CE2C33E31E6}"
EndProject
Project("{8BC9CEB8-8B4A-11D0-8D11-00A0C91BC942}") = "OOP1", "OOP1\OOP1.vcxproj", "{83651E3A-C764-4833-83F6-304EA9DFDA40}"
EndProject
Project("{8BC9CEB8-8B4A-11D0-8D11-00A0C91BC942}") = "OOP3", "OOP3\OOP3.vcxproj", "{808AA206-9FA6-43B4-928A-FEEBCC08AEE9}"
EndProject
Project("{8BC9CEB8-8B4A-11D0-8D11-00A0C91BC942}") = "OOP3_1", "OOP3_1\OOP3_1.vcxproj", "{16C948A7-4A75-4546-A9A8-CB14AE57EF12}"
EndProject
Global
	GlobalSection(SolutionConfigurationPlatforms) = preSolution
		Debug|x64 = Debug|x64
		Debug|x86 = Debug|x86
		Release|x64 = Release|x64
		Release|x86 = Release|x86
	EndGlobalSection
	GlobalSection(ProjectConfigurationPlatforms) = postSolution
		{75E1309F-5D51-4255-AC58-0CE2C33E31E6}.Debug|x64.ActiveCfg = Debug|x64
		{75E1309F-5D51-4255-AC58-0CE2C33E31E6}.Debug|x64.Build.0 = Debug|x64
		{75E1309F-5D51-4255-AC58-0CE2C33E31E6}.Debug|x86.ActiveCfg = Debug|Win32
		{75E1309F-5D51-4255-AC58-0CE2C33E31E6}.Debug|x86.Build.0 = Debug|Win32
		{75E1309F-5D51-4255-AC58-0CE2C33E31E6}.Release|x64.ActiveCfg = Release|x64
		{75E1309F-5D51-4255-AC58-0CE2C33E31E6}.Release|x64.Build.0 = Release|x64
		{75E1309F-5D51-4255-AC58-0CE2C33E31E6}.Release|x86.ActiveCfg = Release|Win32
		{75E1309F-5D51-4255-AC58-0CE2C33E31E6}.Release|x86.Build.0 = Release|Win32
		{83651E3A-C764-4833-83F6-304EA9DFDA40}.Debug|x64.ActiveCfg = Debug|x64
		{83651E3A-C764-4833-83F6-304EA9DFDA40}.Debug|x64.Build.0 = Debug|x64
		{83651E3A-C764-4833-83F6-304EA9DFDA40}.Debug|x86.ActiveCfg = Debug|Win32
		{83651E3A-C764-4833-83F6-304EA9DFDA40}.Debug|x86.Build.0 = Debug|Win32
		{83651E3A-C764-4833-83F6-304EA9DFDA40}.Release|x64.ActiveCfg = Release|x64
		{83651E3A-C764-4833-83F6-304EA9DFDA40}.Release|x64.Build.0 = Release|x64
		{83651E3A-C764-4833-83F6-304EA9DFDA40}.Release|x86.ActiveCfg = Release|Win32
		{83651E3A-C764-4833-83F6-304EA9DFDA40}.Release|x86.Build.0 = Release|Win32
		{808AA206-9FA6-43B4-928A-FEEBCC08AEE9}.Debug|x64.ActiveCfg = Debug|x64
		{808AA206-9FA6-43B4-928A-FEEBCC08AEE9}.Debug|x64.Build.0 = Debug|x64
		{808AA206-9FA6-43B4-928A-FEEBCC08AEE9}.Debug|x86.ActiveCfg = Debug|Win32
		{808AA206-9FA6-43B4-928A-FEEBCC08AEE9}.Debug|x86.Build.0 = Debug|Win32
		{808AA206-9FA6-43B4-928A-FEEBCC08AEE9}.Release|x64.ActiveCfg = Release|x64
		{808AA206-9FA6-43B4-928A-FEEBCC08AEE9}.Release|x64.Build.0 = Release|x64
		{808AA206-9FA6-43B4-928A-FEEBCC08AEE9}.Release|x86.ActiveCfg = Release|Win32
		{808AA206-9FA6-43B4-928A-FEEBCC08AEE9}.Release|x86.Build.0 = Release|Win32
		{16C948A7-4A75-4546-A9A8-CB14AE57EF12}.Debug|x64.ActiveCfg = Debug|x64
		{16C948A7-4A75-4546-A9A8-CB14AE57EF12}.Debug|x64.Build.0 = Debug|x64
		{16C948A7-4A75-4546-A9A8-CB14AE57EF12}.Debug|x86.ActiveCfg = Debug|Win32
		{16C948A7-4A75-4546-A9A8-CB14AE57EF12}.Debug|x86.Build.0 = Debug|Win32
		{16C948A7-4A75-4546-A9A8-CB14AE57EF12}.Release|x64.ActiveCfg = Release|x64
		{16C948A7-4A75-4546-A9A8-CB14AE57EF12}.Release|x64.Build.0 = Release|x64
		{16C948A7-4A75-4546-A9A8-CB14AE57EF12}.Release|x86.ActiveCfg = Release|Win32
		{16C948A7-4A75-4546-A9A8-CB14AE57EF12}.Release|x86.Build.0 = Release|Win32
	EndGlobalSection
	GlobalSection(SolutionProperties) = preSolution
		HideSolutionNode = FALSE
	EndGlobalSection
	GlobalSection(ExtensibilityGlobals) = postSolution
		SolutionGuid = {E4D3A603-FF84-4F39-8A24-FC9E4CFC0633}
	EndGlobalSection
EndGlobal
